lockfileVersion: '9.0'

settings:
  autoInstallPeers: true
  excludeLinksFromLockfile: false

importers:

  .:
    devDependencies:
      typescript:
        specifier: 4.1.6
        version: 4.1.6

packages:

  typescript@4.1.6:
    resolution: {integrity: sha512-pxnwLxeb/Z5SP80JDRzVjh58KsM6jZHRAOtTpS7sXLS4ogXNKC9ANxHHZqLLeVHZN35jCtI4JdmLLbLiC1kBow==}
    engines: {node: '>=4.2.0'}
    hasBin: true

snapshots:

  typescript@4.1.6: {}
